
Microsoft Visual Studio Solution File, Format Version 12.00
# Visual Studio Version 17
VisualStudioVersion = 17.4.33122.133
MinimumVisualStudioVersion = 10.0.40219.1
Project("{8BC9CEB8-8B4A-11D0-8D11-00A0C91BC942}") = "论文查重", "论文查重\论文查重.vcxproj", "{59A8F694-25C9-47E2-B835-38ADCB08A8C0}"
EndProject
Project("{8BC9CEB8-8B4A-11D0-8D11-00A0C91BC942}") = "UnitTest1", "UnitTest1\UnitTest1.vcxproj", "{D02CBB76-C686-4A56-8B00-46492FE14A38}"
EndProject
Global
	GlobalSection(SolutionConfigurationPlatforms) = preSolution
		Debug|x64 = Debug|x64
		Debug|x86 = Debug|x86
		Release|x64 = Release|x64
		Release|x86 = Release|x86
	EndGlobalSection
	GlobalSection(ProjectConfigurationPlatforms) = postSolution
		{59A8F694-25C9-47E2-B835-38ADCB08A8C0}.Debug|x64.ActiveCfg = Debug|x64
		{59A8F694-25C9-47E2-B835-38ADCB08A8C0}.Debug|x64.Build.0 = Debug|x64
		{59A8F694-25C9-47E2-B835-38ADCB08A8C0}.Debug|x86.ActiveCfg = Debug|Win32
		{59A8F694-25C9-47E2-B835-38ADCB08A8C0}.Debug|x86.Build.0 = Debug|Win32
		{59A8F694-25C9-47E2-B835-38ADCB08A8C0}.Release|x64.ActiveCfg = Release|x64
		{59A8F694-25C9-47E2-B835-38ADCB08A8C0}.Release|x64.Build.0 = Release|x64
		{59A8F694-25C9-47E2-B835-38ADCB08A8C0}.Release|x86.ActiveCfg = Release|Win32
		{59A8F694-25C9-47E2-B835-38ADCB08A8C0}.Release|x86.Build.0 = Release|Win32
		{D02CBB76-C686-4A56-8B00-46492FE14A38}.Debug|x64.ActiveCfg = Debug|x64
		{D02CBB76-C686-4A56-8B00-46492FE14A38}.Debug|x64.Build.0 = Debug|x64
		{D02CBB76-C686-4A56-8B00-46492FE14A38}.Debug|x86.ActiveCfg = Debug|Win32
		{D02CBB76-C686-4A56-8B00-46492FE14A38}.Debug|x86.Build.0 = Debug|Win32
		{D02CBB76-C686-4A56-8B00-46492FE14A38}.Release|x64.ActiveCfg = Release|x64
		{D02CBB76-C686-4A56-8B00-46492FE14A38}.Release|x64.Build.0 = Release|x64
		{D02CBB76-C686-4A56-8B00-46492FE14A38}.Release|x86.ActiveCfg = Release|Win32
		{D02CBB76-C686-4A56-8B00-46492FE14A38}.Release|x86.Build.0 = Release|Win32
	EndGlobalSection
	GlobalSection(SolutionProperties) = preSolution
		HideSolutionNode = FALSE
	EndGlobalSection
	GlobalSection(ExtensibilityGlobals) = postSolution
		SolutionGuid = {982D134C-E038-4A95-8BE6-8DA227EFB394}
	EndGlobalSection
EndGlobal
